
Microsoft Visual Studio Solution File, Format Version 12.00
# Visual Studio Version 17
VisualStudioVersion = 17.8.34601.278
MinimumVisualStudioVersion = 10.0.40219.1
Project("{FAE04EC0-301F-11D3-BF4B-00C04F79EFBC}") = "PoligonoRegular", "PoligonoRegular\PoligonoRegular.csproj", "{08CA6C5F-C6D9-4120-A919-86D0403FCB8B}"
EndProject
Global
	GlobalSection(SolutionConfigurationPlatforms) = preSolution
		Debug|Any CPU = Debug|Any CPU
		Release|Any CPU = Release|Any CPU
	EndGlobalSection
	GlobalSection(ProjectConfigurationPlatforms) = postSolution
		{08CA6C5F-C6D9-4120-A919-86D0403FCB8B}.Debug|Any CPU.ActiveCfg = Debug|Any CPU
		{08CA6C5F-C6D9-4120-A919-86D0403FCB8B}.Debug|Any CPU.Build.0 = Debug|Any CPU
		{08CA6C5F-C6D9-4120-A919-86D0403FCB8B}.Release|Any CPU.ActiveCfg = Release|Any CPU
		{08CA6C5F-C6D9-4120-A919-86D0403FCB8B}.Release|Any CPU.Build.0 = Release|Any CPU
	EndGlobalSection
	GlobalSection(SolutionProperties) = preSolution
		HideSolutionNode = FALSE
	EndGlobalSection
	GlobalSection(ExtensibilityGlobals) = postSolution
		SolutionGuid = {F22877C7-5D3D-4306-A24A-B4BCB14B2ACB}
	EndGlobalSection
EndGlobal
